
Microsoft Visual Studio Solution File, Format Version 12.00
# Visual Studio Version 17
VisualStudioVersion = 17.6.33815.320
MinimumVisualStudioVersion = 10.0.40219.1
Project("{FAE04EC0-301F-11D3-BF4B-00C04F79EFBC}") = "ReactNativeProblemsLog", "ReactNativeProblemsLog\ReactNativeProblemsLog.csproj", "{A412C1DE-516B-44EB-818C-1B256240FB9E}"
EndProject
Global
	GlobalSection(SolutionConfigurationPlatforms) = preSolution
		Debug|Any CPU = Debug|Any CPU
		Release|Any CPU = Release|Any CPU
	EndGlobalSection
	GlobalSection(ProjectConfigurationPlatforms) = postSolution
		{A412C1DE-516B-44EB-818C-1B256240FB9E}.Debug|Any CPU.ActiveCfg = Debug|Any CPU
		{A412C1DE-516B-44EB-818C-1B256240FB9E}.Debug|Any CPU.Build.0 = Debug|Any CPU
		{A412C1DE-516B-44EB-818C-1B256240FB9E}.Release|Any CPU.ActiveCfg = Release|Any CPU
		{A412C1DE-516B-44EB-818C-1B256240FB9E}.Release|Any CPU.Build.0 = Release|Any CPU
	EndGlobalSection
	GlobalSection(SolutionProperties) = preSolution
		HideSolutionNode = FALSE
	EndGlobalSection
	GlobalSection(ExtensibilityGlobals) = postSolution
		SolutionGuid = {D5A9F745-D739-43B8-9532-C7631AD624A1}
	EndGlobalSection
EndGlobal
